
Microsoft Visual Studio Solution File, Format Version 12.00
# Visual Studio Version 17
VisualStudioVersion = 17.7.34031.279
MinimumVisualStudioVersion = 10.0.40219.1
Project("{FAE04EC0-301F-11D3-BF4B-00C04F79EFBC}") = "Denemee", "Denemee\Denemee.csproj", "{43A3DD32-AD8D-4E6D-B0CD-79855A100CE7}"
EndProject
Global
	GlobalSection(SolutionConfigurationPlatforms) = preSolution
		Debug|Any CPU = Debug|Any CPU
		Release|Any CPU = Release|Any CPU
	EndGlobalSection
	GlobalSection(ProjectConfigurationPlatforms) = postSolution
		{43A3DD32-AD8D-4E6D-B0CD-79855A100CE7}.Debug|Any CPU.ActiveCfg = Debug|Any CPU
		{43A3DD32-AD8D-4E6D-B0CD-79855A100CE7}.Debug|Any CPU.Build.0 = Debug|Any CPU
		{43A3DD32-AD8D-4E6D-B0CD-79855A100CE7}.Release|Any CPU.ActiveCfg = Release|Any CPU
		{43A3DD32-AD8D-4E6D-B0CD-79855A100CE7}.Release|Any CPU.Build.0 = Release|Any CPU
	EndGlobalSection
	GlobalSection(SolutionProperties) = preSolution
		HideSolutionNode = FALSE
	EndGlobalSection
	GlobalSection(ExtensibilityGlobals) = postSolution
		SolutionGuid = {60DE30ED-564E-4DE8-9354-77D07872B9EA}
	EndGlobalSection
EndGlobal
